
Microsoft Visual Studio Solution File, Format Version 12.00
# Visual Studio Version 16
VisualStudioVersion = 16.0.30503.244
MinimumVisualStudioVersion = 10.0.40219.1
Project("{FAE04EC0-301F-11D3-BF4B-00C04F79EFBC}") = "S2T1", "S2T1.csproj", "{6F8B47CD-3B50-4161-A5C8-A10F1DF64457}"
EndProject
Global
	GlobalSection(SolutionConfigurationPlatforms) = preSolution
		Debug|Any CPU = Debug|Any CPU
		Release|Any CPU = Release|Any CPU
	EndGlobalSection
	GlobalSection(ProjectConfigurationPlatforms) = postSolution
		{6F8B47CD-3B50-4161-A5C8-A10F1DF64457}.Debug|Any CPU.ActiveCfg = Debug|Any CPU
		{6F8B47CD-3B50-4161-A5C8-A10F1DF64457}.Debug|Any CPU.Build.0 = Debug|Any CPU
		{6F8B47CD-3B50-4161-A5C8-A10F1DF64457}.Release|Any CPU.ActiveCfg = Release|Any CPU
		{6F8B47CD-3B50-4161-A5C8-A10F1DF64457}.Release|Any CPU.Build.0 = Release|Any CPU
	EndGlobalSection
	GlobalSection(SolutionProperties) = preSolution
		HideSolutionNode = FALSE
	EndGlobalSection
	GlobalSection(ExtensibilityGlobals) = postSolution
		SolutionGuid = {F56609C6-5CD1-4598-989A-4CD4F250D756}
	EndGlobalSection
EndGlobal
