
Microsoft Visual Studio Solution File, Format Version 12.00
# Visual Studio Version 16
VisualStudioVersion = 16.0.30503.244
MinimumVisualStudioVersion = 10.0.40219.1
Project("{FAE04EC0-301F-11D3-BF4B-00C04F79EFBC}") = "ffgffg", "ffgffg.csproj", "{DCDE6995-A048-45C3-A6BE-5E3A73E600CC}"
EndProject
Global
	GlobalSection(SolutionConfigurationPlatforms) = preSolution
		Debug|Any CPU = Debug|Any CPU
		Release|Any CPU = Release|Any CPU
	EndGlobalSection
	GlobalSection(ProjectConfigurationPlatforms) = postSolution
		{DCDE6995-A048-45C3-A6BE-5E3A73E600CC}.Debug|Any CPU.ActiveCfg = Debug|Any CPU
		{DCDE6995-A048-45C3-A6BE-5E3A73E600CC}.Debug|Any CPU.Build.0 = Debug|Any CPU
		{DCDE6995-A048-45C3-A6BE-5E3A73E600CC}.Release|Any CPU.ActiveCfg = Release|Any CPU
		{DCDE6995-A048-45C3-A6BE-5E3A73E600CC}.Release|Any CPU.Build.0 = Release|Any CPU
	EndGlobalSection
	GlobalSection(SolutionProperties) = preSolution
		HideSolutionNode = FALSE
	EndGlobalSection
	GlobalSection(ExtensibilityGlobals) = postSolution
		SolutionGuid = {007C51EF-7E86-407E-9D48-B54DA015058B}
	EndGlobalSection
EndGlobal
