
Microsoft Visual Studio Solution File, Format Version 12.00
# Visual Studio Version 16
VisualStudioVersion = 16.0.30503.244
MinimumVisualStudioVersion = 10.0.40219.1
Project("{FAE04EC0-301F-11D3-BF4B-00C04F79EFBC}") = "Con2", "Con2.csproj", "{367A26D3-D491-4396-9698-B3E4FA854B9D}"
EndProject
Global
	GlobalSection(SolutionConfigurationPlatforms) = preSolution
		Debug|Any CPU = Debug|Any CPU
		Release|Any CPU = Release|Any CPU
	EndGlobalSection
	GlobalSection(ProjectConfigurationPlatforms) = postSolution
		{367A26D3-D491-4396-9698-B3E4FA854B9D}.Debug|Any CPU.ActiveCfg = Debug|Any CPU
		{367A26D3-D491-4396-9698-B3E4FA854B9D}.Debug|Any CPU.Build.0 = Debug|Any CPU
		{367A26D3-D491-4396-9698-B3E4FA854B9D}.Release|Any CPU.ActiveCfg = Release|Any CPU
		{367A26D3-D491-4396-9698-B3E4FA854B9D}.Release|Any CPU.Build.0 = Release|Any CPU
	EndGlobalSection
	GlobalSection(SolutionProperties) = preSolution
		HideSolutionNode = FALSE
	EndGlobalSection
	GlobalSection(ExtensibilityGlobals) = postSolution
		SolutionGuid = {4A58C932-5A14-49A5-89D7-18C90D9EEC87}
	EndGlobalSection
EndGlobal
